
Microsoft Visual Studio Solution File, Format Version 12.00
# Visual Studio Version 17
VisualStudioVersion = 17.13.35913.81 d17.13
MinimumVisualStudioVersion = 10.0.40219.1
Project("{FAE04EC0-301F-11D3-BF4B-00C04F79EFBC}") = "2_Peronace_10", "2_Peronace_10.csproj", "{CCB29FEC-F937-4AAA-8BFC-7C08C939875A}"
EndProject
Global
	GlobalSection(SolutionConfigurationPlatforms) = preSolution
		Debug|Any CPU = Debug|Any CPU
		Release|Any CPU = Release|Any CPU
	EndGlobalSection
	GlobalSection(ProjectConfigurationPlatforms) = postSolution
		{CCB29FEC-F937-4AAA-8BFC-7C08C939875A}.Debug|Any CPU.ActiveCfg = Debug|Any CPU
		{CCB29FEC-F937-4AAA-8BFC-7C08C939875A}.Debug|Any CPU.Build.0 = Debug|Any CPU
		{CCB29FEC-F937-4AAA-8BFC-7C08C939875A}.Release|Any CPU.ActiveCfg = Release|Any CPU
		{CCB29FEC-F937-4AAA-8BFC-7C08C939875A}.Release|Any CPU.Build.0 = Release|Any CPU
	EndGlobalSection
	GlobalSection(SolutionProperties) = preSolution
		HideSolutionNode = FALSE
	EndGlobalSection
	GlobalSection(ExtensibilityGlobals) = postSolution
		SolutionGuid = {ABB1042C-6CA5-43F0-ABE6-F4F0E7754B44}
	EndGlobalSection
EndGlobal
