
Microsoft Visual Studio Solution File, Format Version 12.00
# Visual Studio Version 17
VisualStudioVersion = 17.13.35913.81 d17.13
MinimumVisualStudioVersion = 10.0.40219.1
Project("{FAE04EC0-301F-11D3-BF4B-00C04F79EFBC}") = "2_Peronace_11", "2_Peronace_11.csproj", "{1DC6807D-8050-4CBF-9A27-220FBEB77C37}"
EndProject
Global
	GlobalSection(SolutionConfigurationPlatforms) = preSolution
		Debug|Any CPU = Debug|Any CPU
		Release|Any CPU = Release|Any CPU
	EndGlobalSection
	GlobalSection(ProjectConfigurationPlatforms) = postSolution
		{1DC6807D-8050-4CBF-9A27-220FBEB77C37}.Debug|Any CPU.ActiveCfg = Debug|Any CPU
		{1DC6807D-8050-4CBF-9A27-220FBEB77C37}.Debug|Any CPU.Build.0 = Debug|Any CPU
		{1DC6807D-8050-4CBF-9A27-220FBEB77C37}.Release|Any CPU.ActiveCfg = Release|Any CPU
		{1DC6807D-8050-4CBF-9A27-220FBEB77C37}.Release|Any CPU.Build.0 = Release|Any CPU
	EndGlobalSection
	GlobalSection(SolutionProperties) = preSolution
		HideSolutionNode = FALSE
	EndGlobalSection
	GlobalSection(ExtensibilityGlobals) = postSolution
		SolutionGuid = {4259EA8E-CE43-448D-A615-E7EEB6A0990E}
	EndGlobalSection
EndGlobal
