
Microsoft Visual Studio Solution File, Format Version 12.00
# Visual Studio Version 17
VisualStudioVersion = 17.14.36511.14 d17.14
MinimumVisualStudioVersion = 10.0.40219.1
Project("{FAE04EC0-301F-11D3-BF4B-00C04F79EFBC}") = "3_Peronace_7", "3_Peronace_7\3_Peronace_7.csproj", "{09BBED36-FBD7-43CD-80FF-7E513452AACA}"
EndProject
Global
	GlobalSection(SolutionConfigurationPlatforms) = preSolution
		Debug|Any CPU = Debug|Any CPU
		Release|Any CPU = Release|Any CPU
	EndGlobalSection
	GlobalSection(ProjectConfigurationPlatforms) = postSolution
		{09BBED36-FBD7-43CD-80FF-7E513452AACA}.Debug|Any CPU.ActiveCfg = Debug|Any CPU
		{09BBED36-FBD7-43CD-80FF-7E513452AACA}.Debug|Any CPU.Build.0 = Debug|Any CPU
		{09BBED36-FBD7-43CD-80FF-7E513452AACA}.Release|Any CPU.ActiveCfg = Release|Any CPU
		{09BBED36-FBD7-43CD-80FF-7E513452AACA}.Release|Any CPU.Build.0 = Release|Any CPU
	EndGlobalSection
	GlobalSection(SolutionProperties) = preSolution
		HideSolutionNode = FALSE
	EndGlobalSection
	GlobalSection(ExtensibilityGlobals) = postSolution
		SolutionGuid = {EB8F21D9-C386-4777-8533-13FA2675097B}
	EndGlobalSection
EndGlobal
